
Microsoft Visual Studio Solution File, Format Version 12.00
# Visual Studio 2012
Project("{2150E333-8FDC-42A3-9474-1A3956D46DE8}") = "Nuget", "Nuget", "{B49DF528-E590-458F-939A-4C3EA1806695}"
EndProject
Project("{2150E333-8FDC-42A3-9474-1A3956D46DE8}") = "mvc-evolution", "mvc-evolution", "{36E1F766-8DA6-411B-BFD0-55CF1DFDC504}"
	ProjectSection(SolutionItems) = preProject
		Nuget\mvc-evolution\mvc-evolution.nuspec = Nuget\mvc-evolution\mvc-evolution.nuspec
	EndProjectSection
EndProject
Project("{2150E333-8FDC-42A3-9474-1A3956D46DE8}") = "content", "content", "{0287696A-2712-4339-BA64-FECA32761A6A}"
EndProject
Project("{2150E333-8FDC-42A3-9474-1A3956D46DE8}") = "tools", "tools", "{FA41A05F-691C-43D9-9D12-EC91B29D84BA}"
	ProjectSection(SolutionItems) = preProject
		Nuget\mvc-evolution\tools\init.ps1 = Nuget\mvc-evolution\tools\init.ps1
		Nuget\mvc-evolution\tools\install.ps1 = Nuget\mvc-evolution\tools\install.ps1
	EndProjectSection
EndProject
Project("{2150E333-8FDC-42A3-9474-1A3956D46DE8}") = "lib", "lib", "{662F12AF-38BC-42CA-9B0D-5B5A1E457F4C}"
EndProject
Project("{FAE04EC0-301F-11D3-BF4B-00C04F79EFBC}") = "mvc-evolution.Core", "mvc-evolution.Core\mvc-evolution.Core.csproj", "{3D39C9D1-8AF8-4B41-846F-9EEA1C8676F4}"
EndProject
Global
	GlobalSection(SolutionConfigurationPlatforms) = preSolution
		Debug|Any CPU = Debug|Any CPU
		Release|Any CPU = Release|Any CPU
	EndGlobalSection
	GlobalSection(ProjectConfigurationPlatforms) = postSolution
		{3D39C9D1-8AF8-4B41-846F-9EEA1C8676F4}.Debug|Any CPU.ActiveCfg = Debug|Any CPU
		{3D39C9D1-8AF8-4B41-846F-9EEA1C8676F4}.Debug|Any CPU.Build.0 = Debug|Any CPU
		{3D39C9D1-8AF8-4B41-846F-9EEA1C8676F4}.Release|Any CPU.ActiveCfg = Release|Any CPU
		{3D39C9D1-8AF8-4B41-846F-9EEA1C8676F4}.Release|Any CPU.Build.0 = Release|Any CPU
	EndGlobalSection
	GlobalSection(SolutionProperties) = preSolution
		HideSolutionNode = FALSE
	EndGlobalSection
	GlobalSection(NestedProjects) = preSolution
		{36E1F766-8DA6-411B-BFD0-55CF1DFDC504} = {B49DF528-E590-458F-939A-4C3EA1806695}
		{0287696A-2712-4339-BA64-FECA32761A6A} = {36E1F766-8DA6-411B-BFD0-55CF1DFDC504}
		{FA41A05F-691C-43D9-9D12-EC91B29D84BA} = {36E1F766-8DA6-411B-BFD0-55CF1DFDC504}
		{662F12AF-38BC-42CA-9B0D-5B5A1E457F4C} = {36E1F766-8DA6-411B-BFD0-55CF1DFDC504}
	EndGlobalSection
EndGlobal
